Microsoft Visual Studio Solution File, Format Version 12.00
# Visual Studio 2012
Project("{FAE04EC0-301F-11D3-BF4B-00C04F79EFBC}") = "rpgGame", "rpgGame.csproj", "{9028065F-14D2-44AD-BA42-F803B78A5D55}"
EndProject
Global
	GlobalSection(SolutionConfigurationPlatforms) = preSolution
	Debug|Any CPU = Debug|Any CPU
	ExportDebug|Any CPU = ExportDebug|Any CPU
	ExportRelease|Any CPU = ExportRelease|Any CPU
	EndGlobalSection
	GlobalSection(ProjectConfigurationPlatforms) = postSolution
		{9028065F-14D2-44AD-BA42-F803B78A5D55}.Debug|Any CPU.ActiveCfg = Debug|Any CPU
		{9028065F-14D2-44AD-BA42-F803B78A5D55}.Debug|Any CPU.Build.0 = Debug|Any CPU
		{9028065F-14D2-44AD-BA42-F803B78A5D55}.ExportDebug|Any CPU.ActiveCfg = ExportDebug|Any CPU
		{9028065F-14D2-44AD-BA42-F803B78A5D55}.ExportDebug|Any CPU.Build.0 = ExportDebug|Any CPU
		{9028065F-14D2-44AD-BA42-F803B78A5D55}.ExportRelease|Any CPU.ActiveCfg = ExportRelease|Any CPU
		{9028065F-14D2-44AD-BA42-F803B78A5D55}.ExportRelease|Any CPU.Build.0 = ExportRelease|Any CPU
	EndGlobalSection
EndGlobal
